
Microsoft Visual Studio Solution File, Format Version 12.00
# Visual Studio Version 17
VisualStudioVersion = 17.2.32505.173
MinimumVisualStudioVersion = 10.0.40219.1
Project("{2150E333-8FDC-42A3-9474-1A3956D46DE8}") = "Data", "Data", "{66339152-3BC6-4DB7-8353-EF6AF04C7FBE}"
EndProject
Project("{2150E333-8FDC-42A3-9474-1A3956D46DE8}") = "Business", "Business", "{39C8452D-C926-4605-BA9C-CC7EE56C5ADE}"
EndProject
Project("{9A19103F-16F7-4668-BE54-9A1E7A4F7556}") = "Resty.Data", "Resty.Data\Resty.Data.csproj", "{3FF8AE35-01FD-4DA2-BAEA-82FEA4C2E57B}"
EndProject
Project("{9A19103F-16F7-4668-BE54-9A1E7A4F7556}") = "Resty.Data.IOC", "Resty.Data.IOC\Resty.Data.IOC.csproj", "{BD3E2250-D488-469B-9DED-CE39AF15BBE3}"
EndProject
Project("{9A19103F-16F7-4668-BE54-9A1E7A4F7556}") = "Resty.Data.Interfaces", "Resty.Data.Interfaces\Resty.Data.Interfaces.csproj", "{83EAD878-3936-4581-82FA-91A2ABCA2804}"
EndProject
Project("{9A19103F-16F7-4668-BE54-9A1E7A4F7556}") = "Resty.Business", "Resty.Business\Resty.Business.csproj", "{66B93C47-502D-4565-B255-E77D1CC2BA40}"
EndProject
Project("{9A19103F-16F7-4668-BE54-9A1E7A4F7556}") = "Resty.Business.IOC", "Resty.Business.IOC\Resty.Business.IOC.csproj", "{C18B06DC-F684-4B6B-889B-45B3102B741E}"
EndProject
Project("{9A19103F-16F7-4668-BE54-9A1E7A4F7556}") = "Resty.Business.Interfaces", "Resty.Business.Interfaces\Resty.Business.Interfaces.csproj", "{16A98B91-2BFC-45D0-A82F-B72ED6CAF51F}"
EndProject
Project("{2150E333-8FDC-42A3-9474-1A3956D46DE8}") = "App", "App", "{7B0EC147-AAF5-4803-B4FA-E1FA72BAE6C1}"
EndProject
Project("{2150E333-8FDC-42A3-9474-1A3956D46DE8}") = "Core", "Core", "{626A76A6-ABF9-469B-9EE4-BDA145CAE437}"
EndProject
Project("{9A19103F-16F7-4668-BE54-9A1E7A4F7556}") = "Resty.Core", "Resty.Core\Resty.Core.csproj", "{210251F7-9110-4BB4-B73E-C5E2531496B7}"
EndProject
Project("{9A19103F-16F7-4668-BE54-9A1E7A4F7556}") = "Resty.Core.Interfaces", "Resty.Core.Interfaces\Resty.Core.Interfaces.csproj", "{C1DA04C9-647A-4B8C-9D69-D6746FCB085B}"
EndProject
Project("{9A19103F-16F7-4668-BE54-9A1E7A4F7556}") = "Resty.Web", "Resty.Web\Resty.Web.csproj", "{6FBE3440-5BE5-48A8-83A2-46F2ADE552CB}"
EndProject
Project("{FAE04EC0-301F-11D3-BF4B-00C04F79EFBC}") = "Resty.Core.IOC", "Resty.Core.IOC\Resty.Core.IOC.csproj", "{97B111AD-03EF-4199-8BF6-A7A34D1536D2}"
EndProject
Global
	GlobalSection(SolutionConfigurationPlatforms) = preSolution
		Debug|Any CPU = Debug|Any CPU
		Release|Any CPU = Release|Any CPU
	EndGlobalSection
	GlobalSection(ProjectConfigurationPlatforms) = postSolution
		{3FF8AE35-01FD-4DA2-BAEA-82FEA4C2E57B}.Debug|Any CPU.ActiveCfg = Debug|Any CPU
		{3FF8AE35-01FD-4DA2-BAEA-82FEA4C2E57B}.Debug|Any CPU.Build.0 = Debug|Any CPU
		{3FF8AE35-01FD-4DA2-BAEA-82FEA4C2E57B}.Release|Any CPU.ActiveCfg = Release|Any CPU
		{3FF8AE35-01FD-4DA2-BAEA-82FEA4C2E57B}.Release|Any CPU.Build.0 = Release|Any CPU
		{BD3E2250-D488-469B-9DED-CE39AF15BBE3}.Debug|Any CPU.ActiveCfg = Debug|Any CPU
		{BD3E2250-D488-469B-9DED-CE39AF15BBE3}.Debug|Any CPU.Build.0 = Debug|Any CPU
		{BD3E2250-D488-469B-9DED-CE39AF15BBE3}.Release|Any CPU.ActiveCfg = Release|Any CPU
		{BD3E2250-D488-469B-9DED-CE39AF15BBE3}.Release|Any CPU.Build.0 = Release|Any CPU
		{83EAD878-3936-4581-82FA-91A2ABCA2804}.Debug|Any CPU.ActiveCfg = Debug|Any CPU
		{83EAD878-3936-4581-82FA-91A2ABCA2804}.Debug|Any CPU.Build.0 = Debug|Any CPU
		{83EAD878-3936-4581-82FA-91A2ABCA2804}.Release|Any CPU.ActiveCfg = Release|Any CPU
		{83EAD878-3936-4581-82FA-91A2ABCA2804}.Release|Any CPU.Build.0 = Release|Any CPU
		{66B93C47-502D-4565-B255-E77D1CC2BA40}.Debug|Any CPU.ActiveCfg = Debug|Any CPU
		{66B93C47-502D-4565-B255-E77D1CC2BA40}.Debug|Any CPU.Build.0 = Debug|Any CPU
		{66B93C47-502D-4565-B255-E77D1CC2BA40}.Release|Any CPU.ActiveCfg = Release|Any CPU
		{66B93C47-502D-4565-B255-E77D1CC2BA40}.Release|Any CPU.Build.0 = Release|Any CPU
		{C18B06DC-F684-4B6B-889B-45B3102B741E}.Debug|Any CPU.ActiveCfg = Debug|Any CPU
		{C18B06DC-F684-4B6B-889B-45B3102B741E}.Debug|Any CPU.Build.0 = Debug|Any CPU
		{C18B06DC-F684-4B6B-889B-45B3102B741E}.Release|Any CPU.ActiveCfg = Release|Any CPU
		{C18B06DC-F684-4B6B-889B-45B3102B741E}.Release|Any CPU.Build.0 = Release|Any CPU
		{16A98B91-2BFC-45D0-A82F-B72ED6CAF51F}.Debug|Any CPU.ActiveCfg = Debug|Any CPU
		{16A98B91-2BFC-45D0-A82F-B72ED6CAF51F}.Debug|Any CPU.Build.0 = Debug|Any CPU
		{16A98B91-2BFC-45D0-A82F-B72ED6CAF51F}.Release|Any CPU.ActiveCfg = Release|Any CPU
		{16A98B91-2BFC-45D0-A82F-B72ED6CAF51F}.Release|Any CPU.Build.0 = Release|Any CPU
		{210251F7-9110-4BB4-B73E-C5E2531496B7}.Debug|Any CPU.ActiveCfg = Debug|Any CPU
		{210251F7-9110-4BB4-B73E-C5E2531496B7}.Debug|Any CPU.Build.0 = Debug|Any CPU
		{210251F7-9110-4BB4-B73E-C5E2531496B7}.Release|Any CPU.ActiveCfg = Release|Any CPU
		{210251F7-9110-4BB4-B73E-C5E2531496B7}.Release|Any CPU.Build.0 = Release|Any CPU
		{C1DA04C9-647A-4B8C-9D69-D6746FCB085B}.Debug|Any CPU.ActiveCfg = Debug|Any CPU
		{C1DA04C9-647A-4B8C-9D69-D6746FCB085B}.Debug|Any CPU.Build.0 = Debug|Any CPU
		{C1DA04C9-647A-4B8C-9D69-D6746FCB085B}.Release|Any CPU.ActiveCfg = Release|Any CPU
		{C1DA04C9-647A-4B8C-9D69-D6746FCB085B}.Release|Any CPU.Build.0 = Release|Any CPU
		{6FBE3440-5BE5-48A8-83A2-46F2ADE552CB}.Debug|Any CPU.ActiveCfg = Debug|Any CPU
		{6FBE3440-5BE5-48A8-83A2-46F2ADE552CB}.Debug|Any CPU.Build.0 = Debug|Any CPU
		{6FBE3440-5BE5-48A8-83A2-46F2ADE552CB}.Release|Any CPU.ActiveCfg = Release|Any CPU
		{6FBE3440-5BE5-48A8-83A2-46F2ADE552CB}.Release|Any CPU.Build.0 = Release|Any CPU
		{97B111AD-03EF-4199-8BF6-A7A34D1536D2}.Debug|Any CPU.ActiveCfg = Debug|Any CPU
		{97B111AD-03EF-4199-8BF6-A7A34D1536D2}.Debug|Any CPU.Build.0 = Debug|Any CPU
		{97B111AD-03EF-4199-8BF6-A7A34D1536D2}.Release|Any CPU.ActiveCfg = Release|Any CPU
		{97B111AD-03EF-4199-8BF6-A7A34D1536D2}.Release|Any CPU.Build.0 = Release|Any CPU
	EndGlobalSection
	GlobalSection(SolutionProperties) = preSolution
		HideSolutionNode = FALSE
	EndGlobalSection
	GlobalSection(NestedProjects) = preSolution
		{3FF8AE35-01FD-4DA2-BAEA-82FEA4C2E57B} = {66339152-3BC6-4DB7-8353-EF6AF04C7FBE}
		{BD3E2250-D488-469B-9DED-CE39AF15BBE3} = {66339152-3BC6-4DB7-8353-EF6AF04C7FBE}
		{83EAD878-3936-4581-82FA-91A2ABCA2804} = {66339152-3BC6-4DB7-8353-EF6AF04C7FBE}
		{66B93C47-502D-4565-B255-E77D1CC2BA40} = {39C8452D-C926-4605-BA9C-CC7EE56C5ADE}
		{C18B06DC-F684-4B6B-889B-45B3102B741E} = {39C8452D-C926-4605-BA9C-CC7EE56C5ADE}
		{16A98B91-2BFC-45D0-A82F-B72ED6CAF51F} = {39C8452D-C926-4605-BA9C-CC7EE56C5ADE}
		{210251F7-9110-4BB4-B73E-C5E2531496B7} = {626A76A6-ABF9-469B-9EE4-BDA145CAE437}
		{C1DA04C9-647A-4B8C-9D69-D6746FCB085B} = {626A76A6-ABF9-469B-9EE4-BDA145CAE437}
		{6FBE3440-5BE5-48A8-83A2-46F2ADE552CB} = {7B0EC147-AAF5-4803-B4FA-E1FA72BAE6C1}
		{97B111AD-03EF-4199-8BF6-A7A34D1536D2} = {626A76A6-ABF9-469B-9EE4-BDA145CAE437}
	EndGlobalSection
	GlobalSection(ExtensibilityGlobals) = postSolution
		SolutionGuid = {A9990720-D7F3-42AD-896B-129DBE136085}
	EndGlobalSection
EndGlobal
